// !$*UTF8*$!
{
	archiveVersion = 1;
	classes = {
	};
	objectVersion = 50;
	objects = {

/* Begin PBXBuildFile section */
		045AE0AD263BBE0500293A2E /* AppDelegate.swift in Sources */ = {isa = PBXBuildFile; fileRef = 045AE0AC263BBE0500293A2E /* AppDelegate.swift */; };
		045AE0AF263BBE0500293A2E /* SceneDelegate.swift in Sources */ = {isa = PBXBuildFile; fileRef = 045AE0AE263BBE0500293A2E /* SceneDelegate.swift */; };
		045AE0B1263BBE0500293A2E /* ViewController.swift in Sources */ = {isa = PBXBuildFile; fileRef = 045AE0B0263BBE0500293A2E /* ViewController.swift */; };
		045AE0B4263BBE0500293A2E /* Main.storyboard in Resources */ = {isa = PBXBuildFile; fileRef = 045AE0B2263BBE0500293A2E /* Main.storyboard */; };
		045AE0B6263BBE0600293A2E /* Assets.xcassets in Resources */ = {isa = PBXBuildFile; fileRef = 045AE0B5263BBE0600293A2E /* Assets.xcassets */; };
		045AE0B9263BBE0600293A2E /* LaunchScreen.storyboard in Resources */ = {isa = PBXBuildFile; fileRef = 045AE0B7263BBE0600293A2E /* LaunchScreen.storyboard */; };
/* End PBXBuildFile section */

/* Begin PBXFileReference section */
		045AE0A9263BBE0500293A2E /* GoogleAds.app */ = {isa = PBXFileReference; explicitFileType = wrapper.application; includeInIndex = 0; path = GoogleAds.app; sourceTree = BUILT_PRODUCTS_DIR; };
		045AE0AC263BBE0500293A2E /* AppDelegate.swift */ = {isa = PBXFileReference; lastKnownFileType = sourcecode.swift; path = AppDelegate.swift; sourceTree = "<group>"; };
		045AE0AE263BBE0500293A2E /* SceneDelegate.swift */ = {isa = PBXFileReference; lastKnownFileType = sourcecode.swift; path = SceneDelegate.swift; sourceTree = "<group>"; };
		045AE0B0263BBE0500293A2E /* ViewController.swift */ = {isa = PBXFileReference; lastKnownFileType = sourcecode.swift; path = ViewController.swift; sourceTree = "<group>"; };
		045AE0B3263BBE0500293A2E /* Base */ = {isa = PBXFileReference; lastKnownFileType = file.storyboard; name = Base; path = Base.lproj/Main.storyboard; sourceTree = "<group>"; };
		045AE0B5263BBE0600293A2E /* Assets.xcassets */ = {isa = PBXFileReference; lastKnownFileType = folder.assetcatalog; path = Assets.xcassets; sourceTree = "<group>"; };
		045AE0B8263BBE0600293A2E /* Base */ = {isa = PBXFileReference; lastKnownFileType = file.storyboard; name = Base; path = Base.lproj/LaunchScreen.storyboard; sourceTree = "<group>"; };
		045AE0BA263BBE0600293A2E /* Info.plist */ = {isa = PBXFileReference; lastKnownFileType = text.plist.xml; path = Info.plist; sourceTree = "<group>"; };
/* End PBXFileReference section */

/* Begin PBXFrameworksBuildPhase section */
		045AE0A6263BBE0500293A2E /* Frameworks */ = {
			isa = PBXFrameworksBuildPhase;
			buildActionMask = 2147483647;
			files = (
			);
			runOnlyForDeploymentPostprocessing = 0;
		};
/* End PBXFrameworksBuildPhase section */

/* Begin PBXGroup section */
		045AE0A0263BBE0500293A2E = {
			isa = PBXGroup;
			children = (
				045AE0AB263BBE0500293A2E /* GoogleAds */,
				045AE0AA263BBE0500293A2E /* Products */,
			);
			sourceTree = "<group>";
		};
		045AE0AA263BBE0500293A2E /* Products */ = {
			isa = PBXGroup;
			children = (
				045AE0A9263BBE0500293A2E /* GoogleAds.app */,
			);
			name = Products;
			sourceTree = "<group>";
		};
		045AE0AB263BBE0500293A2E /* GoogleAds */ = {
			isa = PBXGroup;
			children = (
				045AE0AC263BBE0500293A2E /* AppDelegate.swift */,
				045AE0AE263BBE0500293A2E /* SceneDelegate.swift */,
				045AE0B0263BBE0500293A2E /* ViewController.swift */,
				045AE0B2263BBE0500293A2E /* Main.storyboard */,
				045AE0B5263BBE0600293A2E /* Assets.xcassets */,
				045AE0B7263BBE0600293A2E /* LaunchScreen.storyboard */,
				045AE0BA263BBE0600293A2E /* Info.plist */,
			);
			path = GoogleAds;
			sourceTree = "<group>";
		};
/* End PBXGroup section */

/* Begin PBXNativeTarget section */
		045AE0A8263BBE0500293A2E /* GoogleAds */ = {
			isa = PBXNativeTarget;
			buildConfigurationList = 045AE0BD263BBE0600293A2E /* Build configuration list for PBXNativeTarget "GoogleAds" */;
			buildPhases = (
				045AE0A5263BBE0500293A2E /* Sources */,
				045AE0A6263BBE0500293A2E /* Frameworks */,
				045AE0A7263BBE0500293A2E /* Resources */,
			);
			buildRules = (
			);
			dependencies = (
			);
			name = GoogleAds;
			productName = GoogleAds;
			productReference = 045AE0A9263BBE0500293A2E /* GoogleAds.app */;
			productType = "com.apple.product-type.application";
		};
/* End PBXNativeTarget section */

/* Begin PBXProject section */
		045AE0A1263BBE0500293A2E /* Project object */ = {
			isa = PBXProject;
			attributes = {
				LastSwiftUpdateCheck = 1250;
				LastUpgradeCheck = 1250;
				TargetAttributes = {
					045AE0A8263BBE0500293A2E = {
						CreatedOnToolsVersion = 12.5;
					};
				};
			};
			buildConfigurationList = 045AE0A4263BBE0500293A2E /* Build configuration list for PBXProject "GoogleAds" */;
			compatibilityVersion = "Xcode 9.3";
			developmentRegion = en;
			hasScannedForEncodings = 0;
			knownRegions = (
				en,
				Base,
			);
			mainGroup = 045AE0A0263BBE0500293A2E;
			productRefGroup = 045AE0AA263BBE0500293A2E /* Products */;
			projectDirPath = "";
			projectRoot = "";
			targets = (
				045AE0A8263BBE0500293A2E /* GoogleAds */,
			);
		};
/* End PBXProject section */

/* Begin PBXResourcesBuildPhase section */
		045AE0A7263BBE0500293A2E /* Resources */ = {
			isa = PBXResourcesBuildPhase;
			buildActionMask = 2147483647;
			files = (
				045AE0B9263BBE0600293A2E /* LaunchScreen.storyboard in Resources */,
				045AE0B6263BBE0600293A2E /* Assets.xcassets in Resources */,
				045AE0B4263BBE0500293A2E /* Main.storyboard in Resources */,
			);
			runOnlyForDeploymentPostprocessing = 0;
		};
/* End PBXResourcesBuildPhase section */

/* Begin PBXSourcesBuildPhase section */
		045AE0A5263BBE0500293A2E /* Sources */ = {
			isa = PBXSourcesBuildPhase;
			buildActionMask = 2147483647;
			files = (
				045AE0B1263BBE0500293A2E /* ViewController.swift in Sources */,
				045AE0AD263BBE0500293A2E /* AppDelegate.swift in Sources */,
				045AE0AF263BBE0500293A2E /* SceneDelegate.swift in Sources */,
			);
			runOnlyForDeploymentPostprocessing = 0;
		};
/* End PBXSourcesBuildPhase section */

/* Begin PBXVariantGroup section */
		045AE0B2263BBE0500293A2E /* Main.storyboard */ = {
			isa = PBXVariantGroup;
			children = (
				045AE0B3263BBE0500293A2E /* Base */,
			);
			name = Main.storyboard;
			sourceTree = "<group>";
		};
		045AE0B7263BBE0600293A2E /* LaunchScreen.storyboard */ = {
			isa = PBXVariantGroup;
			children = (
				045AE0B8263BBE0600293A2E /* Base */,
			);
			name = LaunchScreen.storyboard;
			sourceTree = "<group>";
		};
/* End PBXVariantGroup section */

/* Begin XCBuildConfiguration section */
		045AE0BB263BBE0600293A2E /* Debug */ = {
			isa = XCBuildConfiguration;
			buildSettings = {
				ALWAYS_SEARCH_USER_PATHS = NO;
				CLANG_ANALYZER_NONNULL = YES;
				CLANG_ANALYZER_NUMBER_OBJECT_CONVERSION = YES_AGGRESSIVE;
				CLANG_CXX_LANGUAGE_STANDARD = "gnu++14";
				CLANG_CXX_LIBRARY = "libc++";
				CLANG_ENABLE_MODULES = YES;
				CLANG_ENABLE_OBJC_ARC = YES;
				CLANG_ENABLE_OBJC_WEAK = YES;
				CLANG_WARN_BLOCK_CAPTURE_AUTORELEASING = YES;
				CLANG_WARN_BOOL_CONVERSION = YES;
				CLANG_WARN_COMMA = YES;
				CLANG_WARN_CONSTANT_CONVERSION = YES;
				CLANG_WARN_DEPRECATED_OBJC_IMPLEMENTATIONS = YES;
				CLANG_WARN_DIRECT_OBJC_ISA_USAGE = YES_ERROR;
				CLANG_WARN_DOCUMENTATION_COMMENTS = YES;
				CLANG_WARN_EMPTY_BODY = YES;
				CLANG_WARN_ENUM_CONVERSION = YES;
				CLANG_WARN_INFINITE_RECURSION = YES;
				CLANG_WARN_INT_CONVERSION = YES;
				CLANG_WARN_NON_LITERAL_NULL_CONVERSION = YES;
				CLANG_WARN_OBJC_IMPLICIT_RETAIN_SELF = YES;
				CLANG_WARN_OBJC_LITERAL_CONVERSION = YES;
				CLANG_WARN_OBJC_ROOT_CLASS = YES_ERROR;
				CLANG_WARN_QUOTED_INCLUDE_IN_FRAMEWORK_HEADER = YES;
				CLANG_WARN_RANGE_LOOP_ANALYSIS = YES;
				CLANG_WARN_STRICT_PROTOTYPES = YES;
				CLANG_WARN_SUSPICIOUS_MOVE = YES;
				CLANG_WARN_UNGUARDED_AVAILABILITY = YES_AGGRESSIVE;
				CLANG_WARN_UNREACHABLE_CODE = YES;
				CLANG_WARN__DUPLICATE_METHOD_MATCH = YES;
				COPY_PHASE_STRIP = NO;
				DEBUG_INFORMATION_FORMAT = dwarf;
				ENABLE_STRICT_OBJC_MSGSEND = YES;
				ENABLE_TESTABILITY = YES;
				GCC_C_LANGUAGE_STANDARD = gnu11;
				GCC_DYNAMIC_NO_PIC = NO;
				GCC_NO_COMMON_BLOCKS = YES;
				GCC_OPTIMIZATION_LEVEL = 0;
				GCC_PREPROCESSOR_DEFINITIONS = (
					"DEBUG=1",
					"$(inherited)",
				);
				GCC_WARN_64_TO_32_BIT_CONVERSION = YES;
				GCC_WARN_ABOUT_RETURN_TYPE = YES_ERROR;
				GCC_WARN_UNDECLARED_SELECTOR = YES;
				GCC_WARN_UNINITIALIZED_AUTOS = YES_AGGRESSIVE;
				GCC_WARN_UNUSED_FUNCTION = YES;
				GCC_WARN_UNUSED_VARIABLE = YES;
				IPHONEOS_DEPLOYMENT_TARGET = 14.5;
				MTL_ENABLE_DEBUG_INFO = INCLUDE_SOURCE;
				MTL_FAST_MATH = YES;
				ONLY_ACTIVE_ARCH = YES;
				SDKROOT = iphoneos;
				SWIFT_ACTIVE_COMPILATION_CONDITIONS = DEBUG;
				SWIFT_OPTIMIZATION_LEVEL = "-Onone";
			};
			name = Debug;
		};
		045AE0BC263BBE0600293A2E /* Release */ = {
			isa = XCBuildConfiguration;
			buildSettings = {
				ALWAYS_SEARCH_USER_PATHS = NO;
				CLANG_ANALYZER_NONNULL = YES;
				CLANG_ANALYZER_NUMBER_OBJECT_CONVERSION = YES_AGGRESSIVE;
				CLANG_CXX_LANGUAGE_STANDARD = "gnu++14";
				CLANG_CXX_LIBRARY = "libc++";
				CLANG_ENABLE_MODULES = YES;
				CLANG_ENABLE_OBJC_ARC = YES;
				CLANG_ENABLE_OBJC_WEAK = YES;
				CLANG_WARN_BLOCK_CAPTURE_AUTORELEASING = YES;
				CLANG_WARN_BOOL_CONVERSION = YES;
				CLANG_WARN_COMMA = YES;
				CLANG_WARN_CONSTANT_CONVERSION = YES;
				CLANG_WARN_DEPRECATED_OBJC_IMPLEMENTATIONS = YES;
				CLANG_WARN_DIRECT_OBJC_ISA_USAGE = YES_ERROR;
				CLANG_WARN_DOCUMENTATION_COMMENTS = YES;
				CLANG_WARN_EMPTY_BODY = YES;
				CLANG_WARN_ENUM_CONVERSION = YES;
				CLANG_WARN_INFINITE_RECURSION = YES;
				CLANG_WARN_INT_CONVERSION = YES;
				CLANG_WARN_NON_LITERAL_NULL_CONVERSION = YES;
				CLANG_WARN_OBJC_IMPLICIT_RETAIN_SELF = YES;
				CLANG_WARN_OBJC_LITERAL_CONVERSION = YES;
				CLANG_WARN_OBJC_ROOT_CLASS = YES_ERROR;
				CLANG_WARN_QUOTED_INCLUDE_IN_FRAMEWORK_HEADER = YES;
				CLANG_WARN_RANGE_LOOP_ANALYSIS = YES;
				CLANG_WARN_STRICT_PROTOTYPES = YES;
				CLANG_WARN_SUSPICIOUS_MOVE = YES;
				CLANG_WARN_UNGUARDED_AVAILABILITY = YES_AGGRESSIVE;
				CLANG_WARN_UNREACHABLE_CODE = YES;
				CLANG_WARN__DUPLICATE_METHOD_MATCH = YES;
				COPY_PHASE_STRIP = NO;
				DEBUG_INFORMATION_FORMAT = "dwarf-with-dsym";
				ENABLE_NS_ASSERTIONS = NO;
				ENABLE_STRICT_OBJC_MSGSEND = YES;
				GCC_C_LANGUAGE_STANDARD = gnu11;
				GCC_NO_COMMON_BLOCKS = YES;
				GCC_WARN_64_TO_32_BIT_CONVERSION = YES;
				GCC_WARN_ABOUT_RETURN_TYPE = YES_ERROR;
				GCC_WARN_UNDECLARED_SELECTOR = YES;
				GCC_WARN_UNINITIALIZED_AUTOS = YES_AGGRESSIVE;
				GCC_WARN_UNUSED_FUNCTION = YES;
				GCC_WARN_UNUSED_VARIABLE = YES;
				IPHONEOS_DEPLOYMENT_TARGET = 14.5;
				MTL_ENABLE_DEBUG_INFO = NO;
				MTL_FAST_MATH = YES;
				SDKROOT = iphoneos;
				SWIFT_COMPILATION_MODE = wholemodule;
				SWIFT_OPTIMIZATION_LEVEL = "-O";
				VALIDATE_PRODUCT = YES;
			};
			name = Release;
		};
		045AE0BE263BBE0600293A2E /* Debug */ = {
			isa = XCBuildConfiguration;
			buildSettings = {
				ASSETCATALOG_COMPILER_APPICON_NAME = AppIcon;
				ASSETCATALOG_COMPILER_GLOBAL_ACCENT_COLOR_NAME = AccentColor;
				CODE_SIGN_STYLE = Automatic;
				INFOPLIST_FILE = GoogleAds/Info.plist;
				LD_RUNPATH_SEARCH_PATHS = (
					"$(inherited)",
					"@executable_path/Frameworks",
				);
				PRODUCT_BUNDLE_IDENTIFIER = com.GoogleAds;
				PRODUCT_NAME = "$(TARGET_NAME)";
				SWIFT_VERSION = 5.0;
				TARGETED_DEVICE_FAMILY = "1,2";
			};
			name = Debug;
		};
		045AE0BF263BBE0600293A2E /* Release */ = {
			isa = XCBuildConfiguration;
			buildSettings = {
				ASSETCATALOG_COMPILER_APPICON_NAME = AppIcon;
				ASSETCATALOG_COMPILER_GLOBAL_ACCENT_COLOR_NAME = AccentColor;
				CODE_SIGN_STYLE = Automatic;
				INFOPLIST_FILE = GoogleAds/Info.plist;
				LD_RUNPATH_SEARCH_PATHS = (
					"$(inherited)",
					"@executable_path/Frameworks",
				);
				PRODUCT_BUNDLE_IDENTIFIER = com.GoogleAds;
				PRODUCT_NAME = "$(TARGET_NAME)";
				SWIFT_VERSION = 5.0;
				TARGETED_DEVICE_FAMILY = "1,2";
			};
			name = Release;
		};
/* End XCBuildConfiguration section */

/* Begin XCConfigurationList section */
		045AE0A4263BBE0500293A2E /* Build configuration list for PBXProject "GoogleAds" */ = {
			isa = XCConfigurationList;
			buildConfigurations = (
				045AE0BB263BBE0600293A2E /* Debug */,
				045AE0BC263BBE0600293A2E /* Release */,
			);
			defaultConfigurationIsVisible = 0;
			defaultConfigurationName = Release;
		};
		045AE0BD263BBE0600293A2E /* Build configuration list for PBXNativeTarget "GoogleAds" */ = {
			isa = XCConfigurationList;
			buildConfigurations = (
				045AE0BE263BBE0600293A2E /* Debug */,
				045AE0BF263BBE0600293A2E /* Release */,
			);
			defaultConfigurationIsVisible = 0;
			defaultConfigurationName = Release;
		};
/* End XCConfigurationList section */
	};
	rootObject = 045AE0A1263BBE0500293A2E /* Project object */;
}
